<?xml version="1.0" encoding="UTF-8" standalone="yes" ?>
<CodeBlocks_project_file>
	<FileVersion major="1" minor="6" />
	<Project>
		<Option title="star" />
		<Option pch_mode="2" />
		<Option compiler="gcc" />
		<Build>
			<Target title="Debug">
				<Option output="bin/Debug/star" prefix_auto="1" extension_auto="1" />
				<Option object_output="obj/Debug/" />
				<Option type="1" />
				<Option compiler="gcc" />
				<Compiler>
					<Add option="-g" />
					<Add directory="C:/Program Files/Microsoft DirectX SDK (June 2010)/Include" />
				</Compiler>
				<Linker>
					<Add library="C:\Program Files\Microsoft DirectX SDK (June 2010)\Lib\x86\d3d9.lib" />
					<Add library="C:\Program Files\Microsoft DirectX SDK (June 2010)\Lib\x86\d3dx9.lib" />
				</Linker>
			</Target>
			<Target title="Release">
				<Option output="bin/Release/star" prefix_auto="1" extension_auto="1" />
				<Option object_output="obj/Release/" />
				<Option type="1" />
				<Option compiler="gcc" />
				<Compiler>
					<Add option="-O2" />
				</Compiler>
				<Linker>
					<Add option="-s" />
				</Linker>
			</Target>
		</Build>
		<Compiler>
			<Add option="-Wall" />
		</Compiler>
		<Unit filename="BaseGraphicObject.cpp" />
		<Unit filename="BaseGraphicObject.h" />
		<Unit filename="VertexContainer.cpp" />
		<Unit filename="common.h" />
		<Unit filename="main.cpp" />
		<Unit filename="shell.cpp" />
		<Unit filename="shell.h" />
		<Unit filename="spacebox.cpp" />
		<Unit filename="spacebox.h" />
		<Unit filename="star.cpp" />
		<Unit filename="star.h" />
		<Extensions>
			<code_completion />
			<envvars />
			<debugger />
			<lib_finder disable_auto="1" />
		</Extensions>
	</Project>
</CodeBlocks_project_file>
